
Microsoft Visual Studio Solution File, Format Version 12.00
# Visual Studio 14
VisualStudioVersion = 14.0.25123.0
MinimumVisualStudioVersion = 10.0.40219.1
Project("{FAE04EC0-301F-11D3-BF4B-00C04F79EFBC}") = "CryptSharp", "CryptSharp\CryptSharp.csproj", "{15CD9895-0CEA-41AC-925F-362DEC586922}"
EndProject
Project("{FAE04EC0-301F-11D3-BF4B-00C04F79EFBC}") = "CryptSharp.Test", "CryptSharp.Test\CryptSharp.Test.csproj", "{7D2A44A5-64B8-48F6-85ED-36CBDEE57B4C}"
EndProject
Project("{FAE04EC0-301F-11D3-BF4B-00C04F79EFBC}") = "Cryptalyze", "Cryptalyze\Cryptalyze.csproj", "{A1F72F1C-44C0-428E-859B-F46A8BA6645E}"
EndProject
Global
	GlobalSection(SolutionConfigurationPlatforms) = preSolution
		Debug|Any CPU = Debug|Any CPU
		Release|Any CPU = Release|Any CPU
	EndGlobalSection
	GlobalSection(ProjectConfigurationPlatforms) = postSolution
		{15CD9895-0CEA-41AC-925F-362DEC586922}.Debug|Any CPU.ActiveCfg = Debug|Any CPU
		{15CD9895-0CEA-41AC-925F-362DEC586922}.Debug|Any CPU.Build.0 = Debug|Any CPU
		{15CD9895-0CEA-41AC-925F-362DEC586922}.Release|Any CPU.ActiveCfg = Release|Any CPU
		{15CD9895-0CEA-41AC-925F-362DEC586922}.Release|Any CPU.Build.0 = Release|Any CPU
		{7D2A44A5-64B8-48F6-85ED-36CBDEE57B4C}.Debug|Any CPU.ActiveCfg = Debug|Any CPU
		{7D2A44A5-64B8-48F6-85ED-36CBDEE57B4C}.Debug|Any CPU.Build.0 = Debug|Any CPU
		{7D2A44A5-64B8-48F6-85ED-36CBDEE57B4C}.Release|Any CPU.ActiveCfg = Release|Any CPU
		{7D2A44A5-64B8-48F6-85ED-36CBDEE57B4C}.Release|Any CPU.Build.0 = Release|Any CPU
		{A1F72F1C-44C0-428E-859B-F46A8BA6645E}.Debug|Any CPU.ActiveCfg = Debug|Any CPU
		{A1F72F1C-44C0-428E-859B-F46A8BA6645E}.Debug|Any CPU.Build.0 = Debug|Any CPU
		{A1F72F1C-44C0-428E-859B-F46A8BA6645E}.Release|Any CPU.ActiveCfg = Release|Any CPU
		{A1F72F1C-44C0-428E-859B-F46A8BA6645E}.Release|Any CPU.Build.0 = Release|Any CPU
	EndGlobalSection
	GlobalSection(SolutionProperties) = preSolution
		HideSolutionNode = FALSE
	EndGlobalSection
EndGlobal
